
Microsoft Visual Studio Solution File, Format Version 12.00
# Visual Studio 2013
VisualStudioVersion = 12.0.31101.0
MinimumVisualStudioVersion = 10.0.40219.1
Project("{FAE04EC0-301F-11D3-BF4B-00C04F79EFBC}") = "StructureInCSharp", "StructureInCSharp\StructureInCSharp.csproj", "{13ED6451-B5F3-4E77-A269-4CA4FA9F80B0}"
EndProject
Project("{FAE04EC0-301F-11D3-BF4B-00C04F79EFBC}") = "StructureConstructors", "StructureConstructors\StructureConstructors.csproj", "{4D1F8C63-6A96-47D6-9A77-9578D1950994}"
EndProject
Project("{FAE04EC0-301F-11D3-BF4B-00C04F79EFBC}") = "StructureWithMethodAndInterface", "StructureWithMethodAndInterface\StructureWithMethodAndInterface.csproj", "{5B47EC82-422F-45BA-B34F-CE7395A7FE7B}"
EndProject
Project("{FAE04EC0-301F-11D3-BF4B-00C04F79EFBC}") = "StrcutureAndOperatorOverloading", "StrcutureAndOperatorOverloading\StrcutureAndOperatorOverloading.csproj", "{D32D29FC-A2F9-490D-9A47-2FECD843CFCF}"
EndProject
Global
	GlobalSection(SolutionConfigurationPlatforms) = preSolution
		Debug|Any CPU = Debug|Any CPU
		Release|Any CPU = Release|Any CPU
	EndGlobalSection
	GlobalSection(ProjectConfigurationPlatforms) = postSolution
		{13ED6451-B5F3-4E77-A269-4CA4FA9F80B0}.Debug|Any CPU.ActiveCfg = Debug|Any CPU
		{13ED6451-B5F3-4E77-A269-4CA4FA9F80B0}.Debug|Any CPU.Build.0 = Debug|Any CPU
		{13ED6451-B5F3-4E77-A269-4CA4FA9F80B0}.Release|Any CPU.ActiveCfg = Release|Any CPU
		{13ED6451-B5F3-4E77-A269-4CA4FA9F80B0}.Release|Any CPU.Build.0 = Release|Any CPU
		{4D1F8C63-6A96-47D6-9A77-9578D1950994}.Debug|Any CPU.ActiveCfg = Debug|Any CPU
		{4D1F8C63-6A96-47D6-9A77-9578D1950994}.Debug|Any CPU.Build.0 = Debug|Any CPU
		{4D1F8C63-6A96-47D6-9A77-9578D1950994}.Release|Any CPU.ActiveCfg = Release|Any CPU
		{4D1F8C63-6A96-47D6-9A77-9578D1950994}.Release|Any CPU.Build.0 = Release|Any CPU
		{5B47EC82-422F-45BA-B34F-CE7395A7FE7B}.Debug|Any CPU.ActiveCfg = Debug|Any CPU
		{5B47EC82-422F-45BA-B34F-CE7395A7FE7B}.Debug|Any CPU.Build.0 = Debug|Any CPU
		{5B47EC82-422F-45BA-B34F-CE7395A7FE7B}.Release|Any CPU.ActiveCfg = Release|Any CPU
		{5B47EC82-422F-45BA-B34F-CE7395A7FE7B}.Release|Any CPU.Build.0 = Release|Any CPU
		{D32D29FC-A2F9-490D-9A47-2FECD843CFCF}.Debug|Any CPU.ActiveCfg = Debug|Any CPU
		{D32D29FC-A2F9-490D-9A47-2FECD843CFCF}.Debug|Any CPU.Build.0 = Debug|Any CPU
		{D32D29FC-A2F9-490D-9A47-2FECD843CFCF}.Release|Any CPU.ActiveCfg = Release|Any CPU
		{D32D29FC-A2F9-490D-9A47-2FECD843CFCF}.Release|Any CPU.Build.0 = Release|Any CPU
	EndGlobalSection
	GlobalSection(SolutionProperties) = preSolution
		HideSolutionNode = FALSE
	EndGlobalSection
EndGlobal
